
Microsoft Visual Studio Solution File, Format Version 12.00
# Visual Studio Version 16
VisualStudioVersion = 16.0.30503.244
MinimumVisualStudioVersion = 10.0.40219.1
Project("{9A19103F-16F7-4668-BE54-9A1E7A4F7556}") = "BDAnimals", "BDAnimals\BDAnimals.csproj", "{8E7B0E4E-9A64-47BF-80E8-897C74AC8551}"
EndProject
Project("{9A19103F-16F7-4668-BE54-9A1E7A4F7556}") = "BDAnimalsWeb", "BDAnimalsWeb\BDAnimalsWeb.csproj", "{04301891-3453-43DA-AE93-F22D8933B369}"
EndProject
Global
	GlobalSection(SolutionConfigurationPlatforms) = preSolution
		Debug|Any CPU = Debug|Any CPU
		Release|Any CPU = Release|Any CPU
	EndGlobalSection
	GlobalSection(ProjectConfigurationPlatforms) = postSolution
		{8E7B0E4E-9A64-47BF-80E8-897C74AC8551}.Debug|Any CPU.ActiveCfg = Debug|Any CPU
		{8E7B0E4E-9A64-47BF-80E8-897C74AC8551}.Debug|Any CPU.Build.0 = Debug|Any CPU
		{8E7B0E4E-9A64-47BF-80E8-897C74AC8551}.Release|Any CPU.ActiveCfg = Release|Any CPU
		{8E7B0E4E-9A64-47BF-80E8-897C74AC8551}.Release|Any CPU.Build.0 = Release|Any CPU
		{04301891-3453-43DA-AE93-F22D8933B369}.Debug|Any CPU.ActiveCfg = Debug|Any CPU
		{04301891-3453-43DA-AE93-F22D8933B369}.Debug|Any CPU.Build.0 = Debug|Any CPU
		{04301891-3453-43DA-AE93-F22D8933B369}.Release|Any CPU.ActiveCfg = Release|Any CPU
		{04301891-3453-43DA-AE93-F22D8933B369}.Release|Any CPU.Build.0 = Release|Any CPU
	EndGlobalSection
	GlobalSection(SolutionProperties) = preSolution
		HideSolutionNode = FALSE
	EndGlobalSection
	GlobalSection(ExtensibilityGlobals) = postSolution
		SolutionGuid = {494E9682-FDA6-4AEC-AA60-0852134255FC}
	EndGlobalSection
EndGlobal
